
Microsoft Visual Studio Solution File, Format Version 12.00
# Visual Studio Version 17
VisualStudioVersion = 17.9.34902.65
MinimumVisualStudioVersion = 10.0.40219.1
Project("{FAE04EC0-301F-11D3-BF4B-00C04F79EFBC}") = "OtmetkaServer", "OtmetkaServer\OtmetkaServer.csproj", "{A9043F79-3F05-434D-BA04-82FCB848D32D}"
EndProject
Global
	GlobalSection(SolutionConfigurationPlatforms) = preSolution
		Debug|Any CPU = Debug|Any CPU
		Release|Any CPU = Release|Any CPU
	EndGlobalSection
	GlobalSection(ProjectConfigurationPlatforms) = postSolution
		{A9043F79-3F05-434D-BA04-82FCB848D32D}.Debug|Any CPU.ActiveCfg = Debug|Any CPU
		{A9043F79-3F05-434D-BA04-82FCB848D32D}.Debug|Any CPU.Build.0 = Debug|Any CPU
		{A9043F79-3F05-434D-BA04-82FCB848D32D}.Release|Any CPU.ActiveCfg = Release|Any CPU
		{A9043F79-3F05-434D-BA04-82FCB848D32D}.Release|Any CPU.Build.0 = Release|Any CPU
	EndGlobalSection
	GlobalSection(SolutionProperties) = preSolution
		HideSolutionNode = FALSE
	EndGlobalSection
	GlobalSection(ExtensibilityGlobals) = postSolution
		SolutionGuid = {4A8DA52A-D233-44D4-BDDB-3E73BBC37E24}
	EndGlobalSection
EndGlobal
